
Microsoft Visual Studio Solution File, Format Version 12.00
# Visual Studio Version 16
VisualStudioVersion = 16.0.32413.511
MinimumVisualStudioVersion = 10.0.40219.1
Project("{FAE04EC0-301F-11D3-BF4B-00C04F79EFBC}") = "Restaurant_Core", "Restaurant_Core\Restaurant_Core.csproj", "{98E121F4-3739-437B-A68C-EF9361B37179}"
EndProject
Global
	GlobalSection(SolutionConfigurationPlatforms) = preSolution
		Debug|Any CPU = Debug|Any CPU
		Release|Any CPU = Release|Any CPU
	EndGlobalSection
	GlobalSection(ProjectConfigurationPlatforms) = postSolution
		{98E121F4-3739-437B-A68C-EF9361B37179}.Debug|Any CPU.ActiveCfg = Debug|Any CPU
		{98E121F4-3739-437B-A68C-EF9361B37179}.Debug|Any CPU.Build.0 = Debug|Any CPU
		{98E121F4-3739-437B-A68C-EF9361B37179}.Release|Any CPU.ActiveCfg = Release|Any CPU
		{98E121F4-3739-437B-A68C-EF9361B37179}.Release|Any CPU.Build.0 = Release|Any CPU
	EndGlobalSection
	GlobalSection(SolutionProperties) = preSolution
		HideSolutionNode = FALSE
	EndGlobalSection
	GlobalSection(ExtensibilityGlobals) = postSolution
		SolutionGuid = {ACFDAFC2-3214-48D7-94E5-95329A78303F}
	EndGlobalSection
EndGlobal
